
Microsoft Visual Studio Solution File, Format Version 12.00
# Visual Studio Version 17
VisualStudioVersion = 17.4.33213.308
MinimumVisualStudioVersion = 10.0.40219.1
Project("{FAE04EC0-301F-11D3-BF4B-00C04F79EFBC}") = "Opgave01", "Opgave01\Opgave01.csproj", "{FE53B690-E3E4-40B5-A504-B93F6152CC11}"
EndProject
Project("{FAE04EC0-301F-11D3-BF4B-00C04F79EFBC}") = "Opgave02", "Opgave02\Opgave02.csproj", "{F1B7035F-EE91-4092-8BC9-A87407F69B07}"
EndProject
Project("{FAE04EC0-301F-11D3-BF4B-00C04F79EFBC}") = "Opgave06", "Opgave06\Opgave06.csproj", "{6BAD28CA-FA14-4192-B0A1-5093904B6427}"
EndProject
Project("{FAE04EC0-301F-11D3-BF4B-00C04F79EFBC}") = "Opgave07", "Opgave07\Opgave07.csproj", "{D903BC66-C276-415F-8C67-24B3F6B0980E}"
EndProject
Project("{FAE04EC0-301F-11D3-BF4B-00C04F79EFBC}") = "Opgave08", "Opgave08\Opgave08.csproj", "{324C176F-9668-486F-8CEA-A71CBC0C367B}"
EndProject
Global
	GlobalSection(SolutionConfigurationPlatforms) = preSolution
		Debug|Any CPU = Debug|Any CPU
		Release|Any CPU = Release|Any CPU
	EndGlobalSection
	GlobalSection(ProjectConfigurationPlatforms) = postSolution
		{FE53B690-E3E4-40B5-A504-B93F6152CC11}.Debug|Any CPU.ActiveCfg = Debug|Any CPU
		{FE53B690-E3E4-40B5-A504-B93F6152CC11}.Debug|Any CPU.Build.0 = Debug|Any CPU
		{FE53B690-E3E4-40B5-A504-B93F6152CC11}.Release|Any CPU.ActiveCfg = Release|Any CPU
		{FE53B690-E3E4-40B5-A504-B93F6152CC11}.Release|Any CPU.Build.0 = Release|Any CPU
		{F1B7035F-EE91-4092-8BC9-A87407F69B07}.Debug|Any CPU.ActiveCfg = Debug|Any CPU
		{F1B7035F-EE91-4092-8BC9-A87407F69B07}.Debug|Any CPU.Build.0 = Debug|Any CPU
		{F1B7035F-EE91-4092-8BC9-A87407F69B07}.Release|Any CPU.ActiveCfg = Release|Any CPU
		{F1B7035F-EE91-4092-8BC9-A87407F69B07}.Release|Any CPU.Build.0 = Release|Any CPU
		{6BAD28CA-FA14-4192-B0A1-5093904B6427}.Debug|Any CPU.ActiveCfg = Debug|Any CPU
		{6BAD28CA-FA14-4192-B0A1-5093904B6427}.Debug|Any CPU.Build.0 = Debug|Any CPU
		{6BAD28CA-FA14-4192-B0A1-5093904B6427}.Release|Any CPU.ActiveCfg = Release|Any CPU
		{6BAD28CA-FA14-4192-B0A1-5093904B6427}.Release|Any CPU.Build.0 = Release|Any CPU
		{D903BC66-C276-415F-8C67-24B3F6B0980E}.Debug|Any CPU.ActiveCfg = Debug|Any CPU
		{D903BC66-C276-415F-8C67-24B3F6B0980E}.Debug|Any CPU.Build.0 = Debug|Any CPU
		{D903BC66-C276-415F-8C67-24B3F6B0980E}.Release|Any CPU.ActiveCfg = Release|Any CPU
		{D903BC66-C276-415F-8C67-24B3F6B0980E}.Release|Any CPU.Build.0 = Release|Any CPU
		{324C176F-9668-486F-8CEA-A71CBC0C367B}.Debug|Any CPU.ActiveCfg = Debug|Any CPU
		{324C176F-9668-486F-8CEA-A71CBC0C367B}.Debug|Any CPU.Build.0 = Debug|Any CPU
		{324C176F-9668-486F-8CEA-A71CBC0C367B}.Release|Any CPU.ActiveCfg = Release|Any CPU
		{324C176F-9668-486F-8CEA-A71CBC0C367B}.Release|Any CPU.Build.0 = Release|Any CPU
	EndGlobalSection
	GlobalSection(SolutionProperties) = preSolution
		HideSolutionNode = FALSE
	EndGlobalSection
	GlobalSection(ExtensibilityGlobals) = postSolution
		SolutionGuid = {C02240CB-B8EB-40EB-A30D-20F82DD44D99}
	EndGlobalSection
EndGlobal
