
Microsoft Visual Studio Solution File, Format Version 12.00
# Visual Studio Version 17
VisualStudioVersion = 17.4.33213.308
MinimumVisualStudioVersion = 10.0.40219.1
Project("{9A19103F-16F7-4668-BE54-9A1E7A4F7556}") = "Opgave1", "Opgave1\Opgave1.csproj", "{8500ED12-469C-4207-87A1-D7F8FCB0D970}"
EndProject
Project("{9A19103F-16F7-4668-BE54-9A1E7A4F7556}") = "Opgave2", "Opgave2\Opgave2.csproj", "{969C6BF7-5A96-4952-ABF3-FCB1CE217B55}"
EndProject
Project("{9A19103F-16F7-4668-BE54-9A1E7A4F7556}") = "Opgave3", "Opgave3\Opgave3.csproj", "{6F3B1E4B-9899-4927-9E04-2095403F0F81}"
EndProject
Project("{9A19103F-16F7-4668-BE54-9A1E7A4F7556}") = "Opgave5", "Opgave4\Opgave5.csproj", "{4787D857-2A51-47D9-B574-7E737415074D}"
EndProject
Project("{FAE04EC0-301F-11D3-BF4B-00C04F79EFBC}") = "Opgave6", "Opgave6\Opgave6.csproj", "{954775B4-41A9-4D7C-941B-44BD1A7A2AB8}"
EndProject
Global
	GlobalSection(SolutionConfigurationPlatforms) = preSolution
		Debug|Any CPU = Debug|Any CPU
		Release|Any CPU = Release|Any CPU
	EndGlobalSection
	GlobalSection(ProjectConfigurationPlatforms) = postSolution
		{8500ED12-469C-4207-87A1-D7F8FCB0D970}.Debug|Any CPU.ActiveCfg = Debug|Any CPU
		{8500ED12-469C-4207-87A1-D7F8FCB0D970}.Debug|Any CPU.Build.0 = Debug|Any CPU
		{8500ED12-469C-4207-87A1-D7F8FCB0D970}.Release|Any CPU.ActiveCfg = Release|Any CPU
		{8500ED12-469C-4207-87A1-D7F8FCB0D970}.Release|Any CPU.Build.0 = Release|Any CPU
		{969C6BF7-5A96-4952-ABF3-FCB1CE217B55}.Debug|Any CPU.ActiveCfg = Debug|Any CPU
		{969C6BF7-5A96-4952-ABF3-FCB1CE217B55}.Debug|Any CPU.Build.0 = Debug|Any CPU
		{969C6BF7-5A96-4952-ABF3-FCB1CE217B55}.Release|Any CPU.ActiveCfg = Release|Any CPU
		{969C6BF7-5A96-4952-ABF3-FCB1CE217B55}.Release|Any CPU.Build.0 = Release|Any CPU
		{6F3B1E4B-9899-4927-9E04-2095403F0F81}.Debug|Any CPU.ActiveCfg = Debug|Any CPU
		{6F3B1E4B-9899-4927-9E04-2095403F0F81}.Debug|Any CPU.Build.0 = Debug|Any CPU
		{6F3B1E4B-9899-4927-9E04-2095403F0F81}.Release|Any CPU.ActiveCfg = Release|Any CPU
		{6F3B1E4B-9899-4927-9E04-2095403F0F81}.Release|Any CPU.Build.0 = Release|Any CPU
		{4787D857-2A51-47D9-B574-7E737415074D}.Debug|Any CPU.ActiveCfg = Debug|Any CPU
		{4787D857-2A51-47D9-B574-7E737415074D}.Debug|Any CPU.Build.0 = Debug|Any CPU
		{4787D857-2A51-47D9-B574-7E737415074D}.Release|Any CPU.ActiveCfg = Release|Any CPU
		{4787D857-2A51-47D9-B574-7E737415074D}.Release|Any CPU.Build.0 = Release|Any CPU
		{954775B4-41A9-4D7C-941B-44BD1A7A2AB8}.Debug|Any CPU.ActiveCfg = Debug|Any CPU
		{954775B4-41A9-4D7C-941B-44BD1A7A2AB8}.Debug|Any CPU.Build.0 = Debug|Any CPU
		{954775B4-41A9-4D7C-941B-44BD1A7A2AB8}.Release|Any CPU.ActiveCfg = Release|Any CPU
		{954775B4-41A9-4D7C-941B-44BD1A7A2AB8}.Release|Any CPU.Build.0 = Release|Any CPU
	EndGlobalSection
	GlobalSection(SolutionProperties) = preSolution
		HideSolutionNode = FALSE
	EndGlobalSection
	GlobalSection(ExtensibilityGlobals) = postSolution
		SolutionGuid = {97FE7C91-87EA-4CDC-8078-4B4E2C5741F3}
	EndGlobalSection
EndGlobal
