
Microsoft Visual Studio Solution File, Format Version 12.00
# Visual Studio Version 17
VisualStudioVersion = 17.4.33213.308
MinimumVisualStudioVersion = 10.0.40219.1
Project("{FAE04EC0-301F-11D3-BF4B-00C04F79EFBC}") = "ViewLayer", "Lektion09\ViewLayer.csproj", "{357A7591-4DBF-44B6-9289-BD4C8E4E3C7B}"
EndProject
Project("{FAE04EC0-301F-11D3-BF4B-00C04F79EFBC}") = "BusinessLayer", "BusinessLayer\BusinessLayer.csproj", "{CE8B6E4E-E58F-4B16-AE9D-93AF32DDD55A}"
EndProject
Project("{FAE04EC0-301F-11D3-BF4B-00C04F79EFBC}") = "DataAccessLayer", "DataAccessLayer\DataAccessLayer.csproj", "{0F3B3143-B3B3-4FF9-AD7C-6AB00341D484}"
EndProject
Project("{FAE04EC0-301F-11D3-BF4B-00C04F79EFBC}") = "DTO", "DTO\DTO.csproj", "{BEDC5BD4-CD8B-4D16-A9C5-637504020FC8}"
EndProject
Global
	GlobalSection(SolutionConfigurationPlatforms) = preSolution
		Debug|Any CPU = Debug|Any CPU
		Release|Any CPU = Release|Any CPU
	EndGlobalSection
	GlobalSection(ProjectConfigurationPlatforms) = postSolution
		{357A7591-4DBF-44B6-9289-BD4C8E4E3C7B}.Debug|Any CPU.ActiveCfg = Debug|Any CPU
		{357A7591-4DBF-44B6-9289-BD4C8E4E3C7B}.Debug|Any CPU.Build.0 = Debug|Any CPU
		{357A7591-4DBF-44B6-9289-BD4C8E4E3C7B}.Release|Any CPU.ActiveCfg = Release|Any CPU
		{357A7591-4DBF-44B6-9289-BD4C8E4E3C7B}.Release|Any CPU.Build.0 = Release|Any CPU
		{CE8B6E4E-E58F-4B16-AE9D-93AF32DDD55A}.Debug|Any CPU.ActiveCfg = Debug|Any CPU
		{CE8B6E4E-E58F-4B16-AE9D-93AF32DDD55A}.Debug|Any CPU.Build.0 = Debug|Any CPU
		{CE8B6E4E-E58F-4B16-AE9D-93AF32DDD55A}.Release|Any CPU.ActiveCfg = Release|Any CPU
		{CE8B6E4E-E58F-4B16-AE9D-93AF32DDD55A}.Release|Any CPU.Build.0 = Release|Any CPU
		{0F3B3143-B3B3-4FF9-AD7C-6AB00341D484}.Debug|Any CPU.ActiveCfg = Debug|Any CPU
		{0F3B3143-B3B3-4FF9-AD7C-6AB00341D484}.Debug|Any CPU.Build.0 = Debug|Any CPU
		{0F3B3143-B3B3-4FF9-AD7C-6AB00341D484}.Release|Any CPU.ActiveCfg = Release|Any CPU
		{0F3B3143-B3B3-4FF9-AD7C-6AB00341D484}.Release|Any CPU.Build.0 = Release|Any CPU
		{BEDC5BD4-CD8B-4D16-A9C5-637504020FC8}.Debug|Any CPU.ActiveCfg = Debug|Any CPU
		{BEDC5BD4-CD8B-4D16-A9C5-637504020FC8}.Debug|Any CPU.Build.0 = Debug|Any CPU
		{BEDC5BD4-CD8B-4D16-A9C5-637504020FC8}.Release|Any CPU.ActiveCfg = Release|Any CPU
		{BEDC5BD4-CD8B-4D16-A9C5-637504020FC8}.Release|Any CPU.Build.0 = Release|Any CPU
	EndGlobalSection
	GlobalSection(SolutionProperties) = preSolution
		HideSolutionNode = FALSE
	EndGlobalSection
	GlobalSection(ExtensibilityGlobals) = postSolution
		SolutionGuid = {7526C230-2B12-468B-981A-E4A899561706}
	EndGlobalSection
EndGlobal
